[[package]]
category = "main"
description = "Abseil Python Common Libraries, see https://github.com/abseil/abseil-py."
name = "absl-py"
optional = false
python-versions = "*"
version = "0.8.1"

[package.dependencies]
six = "*"

[[package]]
category = "main"
description = "Composable command line interface toolkit"
name = "click"
optional = false
python-versions = ">=2.7, !=3.0.*, !=3.1.*, !=3.2.*, !=3.3.*"
version = "7.0"

[[package]]
category = "main"
description = "Composable style cycles"
name = "cycler"
optional = false
python-versions = "*"
version = "0.10.0"

[package.dependencies]
six = "*"

[[package]]
category = "main"
description = "A toolkit for making real world machine learning and data analysis applications"
name = "dlib"
optional = false
python-versions = "*"
version = "19.18.0"

[[package]]
category = "main"
description = "Clean single-source support for Python 3 and 2"
name = "future"
optional = false
python-versions = ">=2.6, !=3.0.*, !=3.1.*, !=3.2.*"
version = "0.18.2"

[[package]]
category = "main"
description = "HTTP/2-based RPC framework"
name = "grpcio"
optional = false
python-versions = "*"
version = "1.25.0"

[package.dependencies]
six = ">=1.5.2"

[[package]]
category = "main"
description = "Library for reading and writing a wide range of image, video, scientific, and volumetric data formats."
name = "imageio"
optional = false
python-versions = ">=2.7, !=3.0.*, !=3.1.*, !=3.2.*, !=3.3.*"
version = "2.6.1"

[package.dependencies]
numpy = "*"
pillow = "*"

[[package]]
category = "main"
description = "Lightweight pipelining: using Python functions as pipeline jobs."
name = "joblib"
optional = false
python-versions = "*"
version = "0.14.0"

[[package]]
category = "main"
description = "A fast implementation of the Cassowary constraint solver"
name = "kiwisolver"
optional = false
python-versions = ">=2.7, !=3.0.*, !=3.1.*, !=3.2.*, !=3.3.*"
version = "1.1.0"

[package.dependencies]
setuptools = "*"

[[package]]
category = "main"
description = "Python implementation of Markdown."
name = "markdown"
optional = false
python-versions = ">=2.7,!=3.0.*,!=3.1.*,!=3.2.*,!=3.3.*,!=3.4.*"
version = "3.1.1"

[package.dependencies]
setuptools = ">=36"

[[package]]
category = "main"
description = "Python plotting package"
name = "matplotlib"
optional = false
python-versions = ">=3.6"
version = "3.1.1"

[package.dependencies]
cycler = ">=0.10"
kiwisolver = ">=1.0.1"
numpy = ">=1.11"
pyparsing = ">=2.0.1,<2.0.4 || >2.0.4,<2.1.2 || >2.1.2,<2.1.6 || >2.1.6"
python-dateutil = ">=2.1"

[[package]]
category = "main"
description = "NumPy is the fundamental package for array computing with Python."
name = "numpy"
optional = false
python-versions = ">=2.7,!=3.0.*,!=3.1.*,!=3.2.*,!=3.3.*"
version = "1.16.4"

[[package]]
category = "main"
description = "Wrapper package for OpenCV python bindings."
name = "opencv-python"
optional = false
python-versions = "*"
version = "4.1.1.26"

[package.dependencies]
numpy = ">=1.11.1"

[[package]]
category = "main"
description = "Powerful data structures for data analysis, time series, and statistics"
name = "pandas"
optional = false
python-versions = ">=3.5.3"
version = "0.25.3"

[package.dependencies]
numpy = ">=1.13.3"
python-dateutil = ">=2.6.1"
pytz = ">=2017.2"

[[package]]
category = "main"
description = "Python Imaging Library (Fork)"
name = "pillow"
optional = false
python-versions = ">=2.7, !=3.0.*, !=3.1.*, !=3.2.*, !=3.3.*, !=3.4.*"
version = "6.2.1"

[[package]]
category = "main"
description = "Protocol Buffers"
name = "protobuf"
optional = false
python-versions = "*"
version = "3.10.0"

[package.dependencies]
setuptools = "*"
six = ">=1.9"

[[package]]
category = "main"
description = "Python parsing module"
name = "pyparsing"
optional = false
python-versions = ">=2.6, !=3.0.*, !=3.1.*, !=3.2.*"
version = "2.4.5"

[[package]]
category = "main"
description = "Extensions to the standard Python datetime module"
name = "python-dateutil"
optional = false
python-versions = "!=3.0.*,!=3.1.*,!=3.2.*,>=2.7"
version = "2.8.1"

[package.dependencies]
six = ">=1.5"

[[package]]
category = "main"
description = "PyTorch Lightning is the lightweight PyTorch wrapper for ML researchers. Scale your models. Write less boilerplate."
name = "pytorch-lightning"
optional = false
python-versions = ">=3.6"
version = "0.5.3.2"

[package.dependencies]
numpy = "1.16.4"
pandas = ">=0.20.3"
scikit-learn = "0.20.2"
test-tube = ">=0.6.9"
torch = ">=1.2.0"
torchvision = ">=0.3.0"
tqdm = "4.35.0"

[[package]]
category = "main"
description = "World timezone definitions, modern and historical"
name = "pytz"
optional = false
python-versions = "*"
version = "2019.3"

[[package]]
category = "main"
description = "A set of python modules for machine learning and data mining"
name = "scikit-learn"
optional = false
python-versions = "*"
version = "0.20.2"

[package.dependencies]
numpy = ">=1.8.2"
scipy = ">=0.13.3"

[[package]]
category = "main"
description = "SciPy: Scientific Library for Python"
name = "scipy"
optional = false
python-versions = ">=3.5"
version = "1.3.2"

[package.dependencies]
numpy = ">=1.13.3"

[[package]]
category = "main"
description = "Python 2 and 3 compatibility utilities"
name = "six"
optional = false
python-versions = ">=2.6, !=3.0.*, !=3.1.*"
version = "1.13.0"

[[package]]
category = "main"
description = "TensorBoard lets you watch Tensors Flow"
name = "tb-nightly"
optional = false
python-versions = ">= 2.7, != 3.0.*, != 3.1.*"
version = "1.15.0a20190708"

[package.dependencies]
absl-py = ">=0.4"
grpcio = ">=1.6.3"
markdown = ">=2.6.8"
numpy = ">=1.12.0"
protobuf = ">=3.6.0"
setuptools = ">=41.0.0"
six = ">=1.10.0"
werkzeug = ">=0.11.15"

[package.dependencies.wheel]
python = ">=3"
version = ">=0.26"

[[package]]
category = "main"
description = "Experiment logger and visualizer"
name = "test-tube"
optional = false
python-versions = "*"
version = "0.7.3"

[package.dependencies]
future = "*"
imageio = ">=2.3.0"
numpy = ">=1.13.3"
pandas = ">=0.20.3"
tb-nightly = "1.15.0a20190708"
torch = ">=1.1.0"

[[package]]
category = "main"
description = "Tensors and Dynamic neural networks in Python with strong GPU acceleration"
name = "torch"
optional = false
python-versions = ">=2.7, !=3.0.*, !=3.1.*, !=3.2.*, !=3.3.*, !=3.4.*"
version = "1.3.0"

[package.dependencies]
future = "*"
numpy = "*"

[[package]]
category = "main"
description = "image and video datasets and models for torch deep learning"
name = "torchvision"
optional = false
python-versions = "*"
version = "0.4.1"

[package.dependencies]
numpy = "*"
pillow = ">=4.1.1"
six = "*"
torch = "1.3.0"

[[package]]
category = "main"
description = "Fast, Extensible Progress Meter"
name = "tqdm"
optional = false
python-versions = ">=2.6, !=3.0.*, !=3.1.*"
version = "4.35.0"

[[package]]
category = "main"
description = "The comprehensive WSGI web application library."
name = "werkzeug"
optional = false
python-versions = ">=2.7, !=3.0.*, !=3.1.*, !=3.2.*, !=3.3.*"
version = "0.16.0"

[[package]]
category = "main"
description = "A built-package format for Python."
marker = "python_version >= \"3\""
name = "wheel"
optional = false
python-versions = ">=2.7, !=3.0.*, !=3.1.*, !=3.2.*, !=3.3.*"
version = "0.33.6"

[metadata]
content-hash = "c56d4a98fd0d07d152d0a8e6a770c1d05034935be7d3177bddf3d0d7fb5856fe"
python-versions = "^3.7"

[metadata.hashes]
absl-py = ["d9129186431e150d7fe455f1cb1ecbb92bb5dba9da9bc3ef7b012d98c4db2526"]
click = ["2335065e6395b9e67ca716de5f7526736bfa6ceead690adf616d925bdc622b13", "5b94b49521f6456670fdb30cd82a4eca9412788a93fa6dd6df72c94d5a8ff2d7"]
cycler = ["1d8a5ae1ff6c5cf9b93e8811e581232ad8920aeec647c37316ceac982b08cb2d", "cd7b2d1018258d7247a71425e9f26463dfb444d411c39569972f4ce586b0c9d8"]
dlib = ["8ca127253a0ca82a3d847148515f82ff2c504ed77a6385ec4f38c7f8e5360860"]
future = ["b1bead90b70cf6ec3f0710ae53a525360fa360d306a86583adc6bf83a4db537d"]
grpcio = ["0419ae5a45f49c7c40d9ae77ae4de9442431b7822851dfbbe56ee0eacb5e5654", "1e8631eeee0fb0b4230aeb135e4890035f6ef9159c2a3555fa184468e325691a", "24db2fa5438f3815a4edb7a189035051760ca6aa2b0b70a6a948b28bfc63c76b", "2adb1cdb7d33e91069517b41249622710a94a1faece1fed31cd36904e4201cde", "2cd51f35692b551aeb1fdeb7a256c7c558f6d78fcddff00640942d42f7aeba5f", "3247834d24964589f8c2b121b40cd61319b3c2e8d744a6a82008643ef8a378b1", "3433cb848b4209717722b62392e575a77a52a34d67c6730138102abc0a441685", "39671b7ff77a962bd745746d9d2292c8ed227c5748f16598d16d8631d17dd7e5", "40a0b8b2e6f6dd630f8b267eede2f40a848963d0f3c40b1b1f453a4a870f679e", "40f9a74c7aa210b3e76eb1c9d56aa8d08722b73426a77626967019df9bbac287", "423f76aa504c84cb94594fb88b8a24027c887f1c488cf58f2173f22f4fbd046c", "43bd04cec72281a96eb361e1b0232f0f542b46da50bcfe72ef7e5a1b41d00cb3", "43e38762635c09e24885d15e3a8e374b72d105d4178ee2cc9491855a8da9c380", "4413b11c2385180d7de03add6c8845dd66692b148d36e27ec8c9ef537b2553a1", "4450352a87094fd58daf468b04c65a9fa19ad11a0ac8ac7b7ff17d46f873cbc1", "49ffda04a6e44de028b3b786278ac9a70043e7905c3eea29eed88b6524d53a29", "4a38c4dde4c9120deef43aaabaa44f19186c98659ce554c29788c4071ab2f0a4", "50b1febdfd21e2144b56a9aa226829e93a79c354ef22a4e5b013d9965e1ec0ed", "559b1a3a8be7395ded2943ea6c2135d096f8cc7039d6d12127110b6496f251fe", "5de86c182667ec68cf84019aa0d8ceccf01d352cdca19bf9e373725204bdbf50", "5fc069bb481fe3fad0ba24d3baaf69e22dfa6cc1b63290e6dfeaf4ac1e996fb7", "6a19d654da49516296515d6f65de4bbcbd734bc57913b21a610cfc45e6df3ff1", "7535b3e52f498270e7877dde1c8944d6b7720e93e2e66b89c82a11447b5818f5", "7c4e495bcabc308198b8962e60ca12f53b27eb8f03a21ac1d2d711d6dd9ecfca", "8a8fc4a0220367cb8370cedac02272d574079ccc32bffbb34d53aaf9e38b5060", "8b008515e067232838daca020d1af628bf6520c8cc338bf383284efe6d8bd083", "8d1684258e1385e459418f3429e107eec5fb3d75e1f5a8c52e5946b3f329d6ea", "8eb5d54b87fb561dc2e00a5c5226c33ffe8dbc13f2e4033a412bafb7b37b194d", "94cdef0c61bd014bb7af495e21a1c3a369dd0399c3cd1965b1502043f5c88d94", "9d9f3be69c7a5e84c3549a8c4403fa9ac7672da456863d21e390b2bbf45ccad1", "9fb6fb5975a448169756da2d124a1beb38c0924ff6c0306d883b6848a9980f38", "a5eaae8700b87144d7dfb475aa4675e500ff707292caba3deff41609ddc5b845", "aaeac2d552772b76d24eaff67a5d2325bc5205c74c0d4f9fbe71685d4a971db2", "bb611e447559b3b5665e12a7da5160c0de6876097f62bf1d23ba66911564868e", "bc0d41f4eb07da8b8d3ea85e50b62f6491ab313834db86ae2345be07536a4e5a", "bf51051c129b847d1bb63a9b0826346b5f52fb821b15fe5e0d5ef86f268510f5", "c948c034d8997526011960db54f512756fb0b4be1b81140a15b4ef094c6594a4", "d435a01334157c3b126b4ee5141401d44bdc8440993b18b05e2f267a6647f92d", "d46c1f95672b73288e08cdca181e14e84c6229b5879561b7b8cfd48374e09287", "d5d58309b42064228b16b0311ff715d6c6e20230e81b35e8d0c8cfa1bbdecad8", "dc6e2e91365a1dd6314d615d80291159c7981928b88a4c65654e3fefac83a836", "e0dfb5f7a39029a6cbec23affa923b22a2c02207960fd66f109e01d6f632c1eb", "eb4bf58d381b1373bd21d50837a53953d625d1693f1b58fed12743c75d3dd321", "ebb211a85248dbc396b29320273c1ffde484b898852432613e8df0164c091006", "ec759ece4786ae993a5b7dc3b3dead6e9375d89a6c65dfd6860076d2eb2abe7b", "f55108397a8fa164268238c3e69cc134e945d1f693572a2f05a028b8d0d2b837", "f6c706866d424ff285b85a02de7bbe5ed0ace227766b2c42cbe12f3d9ea5a8aa", "f8370ad332b36fbad117440faf0dd4b910e80b9c49db5648afd337abdde9a1b6"]
imageio = ["c9763e5c187ecf74091c845626b0bdcc6130a20a0de7a86ae0108e2b5335ed3f", "f44eb231b9df485874f2ffd22dfd0c3c711e7de076516b9374edea5c65bc67ae"]
joblib = ["006108c7576b3eb6c5b27761ddbf188eb6e6347696325ab2027ea1ee9a4b922d", "6fcc57aacb4e89451fd449e9412687c51817c3f48662c3d8f38ba3f8a0a193ff"]
kiwisolver = ["05b5b061e09f60f56244adc885c4a7867da25ca387376b02c1efc29cc16bcd0f", "210d8c39d01758d76c2b9a693567e1657ec661229bc32eac30761fa79b2474b0", "26f4fbd6f5e1dabff70a9ba0d2c4bd30761086454aa30dddc5b52764ee4852b7", "3b15d56a9cd40c52d7ab763ff0bc700edbb4e1a298dc43715ecccd605002cf11", "3b2378ad387f49cbb328205bda569b9f87288d6bc1bf4cd683c34523a2341efe", "400599c0fe58d21522cae0e8b22318e09d9729451b17ee61ba8e1e7c0346565c", "47b8cb81a7d18dbaf4fed6a61c3cecdb5adec7b4ac292bddb0d016d57e8507d5", "53eaed412477c836e1b9522c19858a8557d6e595077830146182225613b11a75", "58e626e1f7dfbb620d08d457325a4cdac65d1809680009f46bf41eaf74ad0187", "5a52e1b006bfa5be04fe4debbcdd2688432a9af4b207a3f429c74ad625022641", "5c7ca4e449ac9f99b3b9d4693debb1d6d237d1542dd6a56b3305fe8a9620f883", "682e54f0ce8f45981878756d7203fd01e188cc6c8b2c5e2cf03675390b4534d5", "76275ee077772c8dde04fb6c5bc24b91af1bb3e7f4816fd1852f1495a64dad93", "79bfb2f0bd7cbf9ea256612c9523367e5ec51d7cd616ae20ca2c90f575d839a2", "7f4dd50874177d2bb060d74769210f3bce1af87a8c7cf5b37d032ebf94f0aca3", "8944a16020c07b682df861207b7e0efcd2f46c7488619cb55f65882279119389", "8aa7009437640beb2768bfd06da049bad0df85f47ff18426261acecd1cf00897", "9105ce82dcc32c73eb53a04c869b6a4bc756b43e4385f76ea7943e827f529e4d", "933df612c453928f1c6faa9236161a1d999a26cd40abf1dc5d7ebbc6dbfb8fca", "939f36f21a8c571686eb491acfffa9c7f1ac345087281b412d63ea39ca14ec4a", "9491578147849b93e70d7c1d23cb1229458f71fc79c51d52dce0809b2ca44eea", "9733b7f64bd9f807832d673355f79703f81f0b3e52bfce420fc00d8cb28c6a6c", "a02f6c3e229d0b7220bd74600e9351e18bc0c361b05f29adae0d10599ae0e326", "a0c0a9f06872330d0dd31b45607197caab3c22777600e88031bfe66799e70bb0", "aa716b9122307c50686356cfb47bfbc66541868078d0c801341df31dca1232a9", "acc4df99308111585121db217681f1ce0eecb48d3a828a2f9bbf9773f4937e9e", "b64916959e4ae0ac78af7c3e8cef4becee0c0e9694ad477b4c6b3a536de6a544", "d22702cadb86b6fcba0e6b907d9f84a312db9cd6934ee728144ce3018e715ee1", "d3fcf0819dc3fea58be1fd1ca390851bdb719a549850e708ed858503ff25d995", "d52e3b1868a4e8fd18b5cb15055c76820df514e26aa84cc02f593d99fef6707f", "db1a5d3cc4ae943d674718d6c47d2d82488ddd94b93b9e12d24aabdbfe48caee", "e3a21a720791712ed721c7b95d433e036134de6f18c77dbe96119eaf7aa08004", "e8bf074363ce2babeb4764d94f8e65efd22e6a7c74860a4f05a6947afc020ff2", "f16814a4a96dc04bf1da7d53ee8d5b1d6decfc1a92a63349bb15d37b6a263dd9", "f2b22153870ca5cf2ab9c940d7bc38e8e9089fa0f7e5856ea195e1cf4ff43d5a", "f790f8b3dff3d53453de6a7b7ddd173d2e020fb160baff578d578065b108a05f", "fe51b79da0062f8e9d49ed0182a626a7dc7a0cbca0328f612c6ee5e4711c81e4"]
markdown = ["2e50876bcdd74517e7b71f3e7a76102050edec255b3983403f1a63e7c8a41e7a", "56a46ac655704b91e5b7e6326ce43d5ef72411376588afa1dd90e881b83c7e8c"]
matplotlib = ["1febd22afe1489b13c6749ea059d392c03261b2950d1d45c17e3aed812080c93", "31a30d03f39528c79f3a592857be62a08595dec4ac034978ecd0f814fa0eec2d", "4442ce720907f67a79d45de9ada47be81ce17e6c2f448b3c64765af93f6829c9", "796edbd1182cbffa7e1e7a97f1e141f875a8501ba8dd834269ae3cd45a8c976f", "934e6243df7165aad097572abf5b6003c77c9b6c480c3c4de6f2ef1b5fdd4ec0", "bab9d848dbf1517bc58d1f486772e99919b19efef5dd8596d4b26f9f5ee08b6b", "c1fe1e6cdaa53f11f088b7470c2056c0df7d80ee4858dadf6cbe433fcba4323b", "e5b8aeca9276a3a988caebe9f08366ed519fff98f77c6df5b64d7603d0e42e36", "ec6bd0a6a58df3628ff269978f4a4b924a0d371ad8ce1f8e2b635b99e482877a"]
numpy = ["0778076e764e146d3078b17c24c4d89e0ecd4ac5401beff8e1c87879043a0633", "141c7102f20abe6cf0d54c4ced8d565b86df4d3077ba2343b61a6db996cefec7", "14270a1ee8917d11e7753fb54fc7ffd1934f4d529235beec0b275e2ccf00333b", "27e11c7a8ec9d5838bc59f809bfa86efc8a4fd02e58960fa9c49d998e14332d5", "2a04dda79606f3d2f760384c38ccd3d5b9bb79d4c8126b67aff5eb09a253763e", "3c26010c1b51e1224a3ca6b8df807de6e95128b0908c7e34f190e7775455b0ca", "52c40f1a4262c896420c6ea1c6fda62cf67070e3947e3307f5562bd783a90336", "6e4f8d9e8aa79321657079b9ac03f3cf3fd067bf31c1cca4f56d49543f4356a5", "7242be12a58fec245ee9734e625964b97cf7e3f2f7d016603f9e56660ce479c7", "7dc253b542bfd4b4eb88d9dbae4ca079e7bf2e2afd819ee18891a43db66c60c7", "94f5bd885f67bbb25c82d80184abbf7ce4f6c3c3a41fbaa4182f034bba803e69", "a89e188daa119ffa0d03ce5123dee3f8ffd5115c896c2a9d4f0dbb3d8b95bfa3", "ad3399da9b0ca36e2f24de72f67ab2854a62e623274607e37e0ce5f5d5fa9166", "b0348be89275fd1d4c44ffa39530c41a21062f52299b1e3ee7d1c61f060044b8", "b5554368e4ede1856121b0dfa35ce71768102e4aa55e526cb8de7f374ff78722", "cbddc56b2502d3f87fda4f98d948eb5b11f36ff3902e17cb6cc44727f2200525", "d79f18f41751725c56eceab2a886f021d70fd70a6188fd386e29a045945ffc10", "dc2ca26a19ab32dc475dbad9dfe723d3a64c835f4c23f625c2b6566ca32b9f29", "dd9bcd4f294eb0633bb33d1a74febdd2b9018b8b8ed325f861fffcd2c7660bb8", "e8baab1bc7c9152715844f1faca6744f2416929de10d7639ed49555a85549f52", "ec31fe12668af687b99acf1567399632a7c47b0e17cfb9ae47c098644ef36797", "f12b4f7e2d8f9da3141564e6737d79016fe5336cc92de6814eba579744f65b0a", "f58ac38d5ca045a377b3b377c84df8175ab992c970a53332fa8ac2373df44ff7"]
opencv-python = ["01505b131dc35f60e99a5da98b77156e37f872ae0ff5596e5e68d526bb572d3c", "0478a1037505ddde312806c960a5e8958d2cf7a2885e8f2f5dde74c4028e0b04", "17810b89f9ef8e8537e75332acf533e619e26ccadbf1b73f24bf338f2d327ddd", "19ad2ea9fb32946761b47b9d6eed51876a8329da127f27788263fecd66651ba0", "1a250edb739baf3e7c25d99a2ee252aac4f59a97e0bee39237eaa490fd0281d3", "3505468970448f66cd776cb9e179570c87988f94b5cf9bcbc4c2d88bd88bbdf1", "4e04a91da157885359f487534433340b2d709927559c80acf62c28167e59be02", "5a49cffcdec5e37217672579c3343565926d999642844efa9c6a031ed5f32318", "604b2ce3d4a86480ced0813da7fba269b4605ad9fea26cd2144d8077928d4b49", "61cbb8fa9565a0480c46028599431ad8f19181a7fac8070a700515fd54cd7377", "62d7c6e511c9454f099616315c695d02a584048e1affe034b39160db7a2ae34d", "6555272dd9efd412d17cdc1a4f4c2da5753c099d95d9ff01aca54bb9782fb5cf", "67d994c6b2b14cb9239e85dc7dfa6c08ef7cf6eb4def80c0af6141dfacc8cbb9", "68c9cbe538666c4667523821cc56caee49389bea06bae4c0fc2cd68bd264226a", "822ad8f628a9498f569c57d30865f5ef9ee17824cee0a1d456211f742028c135", "82d972429eb4fee22c1dc4204af2a2e981f010e5e4f66daea2a6c68381b79184", "9128924f5b58269ee221b8cf2d736f31bd3bb0391b92ee8504caadd68c8176a2", "9172cf8270572c494d8b2ae12ef87c0f6eed9d132927e614099f76843b0c91d7", "952bce4d30a8287b17721ddaad7f115dab268efee8576249ddfede80ec2ce404", "a8147718e70b1f170a3d26518e992160137365a4db0ed82a9efd3040f9f660d4", "bfdb636a3796ff223460ea0fcfda906b3b54f4bef22ae433a5b67e66fab00b25", "c9c3f27867153634e1083390920067008ebaaab78aeb09c4e0274e69746cb2c8", "d69be21973d450a4662ae6bd1b3df6b1af030e448d7276380b0d1adf7c8c2ae6", "db1479636812a6579a3753b72a6fefaa73190f32bf7b19e483f8bc750cebe1a5", "db8313d755962a7dd61e5c22a651e0743208adfdb255c6ec8904ce9cb02940c6", "e4625a6b032e7797958aeb630d6e3e91e3896d285020aae612e6d7b342d6dfea", "e8397a26966a1290836a52c34b362aabc65a422b9ffabcbbdec1862f023ccab8"]
pandas = ["00dff3a8e337f5ed7ad295d98a31821d3d0fe7792da82d78d7fd79b89c03ea9d", "22361b1597c8c2ffd697aa9bf85423afa9e1fcfa6b1ea821054a244d5f24d75e", "255920e63850dc512ce356233081098554d641ba99c3767dde9e9f35630f994b", "26382aab9c119735908d94d2c5c08020a4a0a82969b7e5eefb92f902b3b30ad7", "33970f4cacdd9a0ddb8f21e151bfb9f178afb7c36eb7c25b9094c02876f385c2", "4545467a637e0e1393f7d05d61dace89689ad6d6f66f267f86fff737b702cce9", "52da74df8a9c9a103af0a72c9d5fdc8e0183a90884278db7f386b5692a2220a4", "61741f5aeb252f39c3031d11405305b6d10ce663c53bc3112705d7ad66c013d0", "6a3ac2c87e4e32a969921d1428525f09462770c349147aa8e9ab95f88c71ec71", "7458c48e3d15b8aaa7d575be60e1e4dd70348efcd9376656b72fecd55c59a4c3", "78bf638993219311377ce9836b3dc05f627a666d0dbc8cec37c0ff3c9ada673b", "8153705d6545fd9eb6dd2bc79301bff08825d2e2f716d5dced48daafc2d0b81f", "975c461accd14e89d71772e89108a050fa824c0b87a67d34cedf245f6681fc17", "9962957a27bfb70ab64103d0a7b42fa59c642fb4ed4cb75d0227b7bb9228535d", "adc3d3a3f9e59a38d923e90e20c4922fc62d1e5a03d083440468c6d8f3f1ae0a", "bbe3eb765a0b1e578833d243e2814b60c825b7fdbf4cdfe8e8aae8a08ed56ecf", "df8864824b1fe488cf778c3650ee59c3a0d8f42e53707de167ba6b4f7d35f133", "e45055c30a608076e31a9fcd780a956ed3b1fa20db61561b8d88b79259f526f7", "ee50c2142cdcf41995655d499a157d0a812fce55c97d9aad13bc1eef837ed36c"]
pillow = ["047d9473cf68af50ac85f8ee5d5f21a60f849bc17d348da7fc85711287a75031", "0f66dc6c8a3cc319561a633b6aa82c44107f12594643efa37210d8c924fc1c71", "12c9169c4e8fe0a7329e8658c7e488001f6b4c8e88740e76292c2b857af2e94c", "248cffc168896982f125f5c13e9317c059f74fffdb4152893339f3be62a01340", "27faf0552bf8c260a5cee21a76e031acaea68babb64daf7e8f2e2540745082aa", "285edafad9bc60d96978ed24d77cdc0b91dace88e5da8c548ba5937c425bca8b", "384b12c9aa8ef95558abdcb50aada56d74bc7cc131dd62d28c2d0e4d3aadd573", "38950b3a707f6cef09cd3cbb142474357ad1a985ceb44d921bdf7b4647b3e13e", "4aad1b88933fd6dc2846552b89ad0c74ddbba2f0884e2c162aa368374bf5abab", "4ac6148008c169603070c092e81f88738f1a0c511e07bd2bb0f9ef542d375da9", "4deb1d2a45861ae6f0b12ea0a786a03d19d29edcc7e05775b85ec2877cb54c5e", "59aa2c124df72cc75ed72c8d6005c442d4685691a30c55321e00ed915ad1a291", "5a47d2123a9ec86660fe0e8d0ebf0aa6bc6a17edc63f338b73ea20ba11713f12", "5cc901c2ab9409b4b7ac7b5bcc3e86ac14548627062463da0af3b6b7c555a871", "6c1db03e8dff7b9f955a0fb9907eb9ca5da75b5ce056c0c93d33100a35050281", "7ce80c0a65a6ea90ef9c1f63c8593fcd2929448613fc8da0adf3e6bfad669d08", "809c19241c14433c5d6135e1b6c72da4e3b56d5c865ad5736ab99af8896b8f41", "83792cb4e0b5af480588601467c0764242b9a483caea71ef12d22a0d0d6bdce2", "846fa202bd7ee0f6215c897a1d33238ef071b50766339186687bd9b7a6d26ac5", "9f5529fc02009f96ba95bea48870173426879dc19eec49ca8e08cd63ecd82ddb", "a423c2ea001c6265ed28700df056f75e26215fd28c001e93ef4380b0f05f9547", "ac4428094b42907aba5879c7c000d01c8278d451a3b7cccd2103e21f6397ea75", "b1ae48d87f10d1384e5beecd169c77502fcc04a2c00a4c02b85f0a94b419e5f9", "bf4e972a88f8841d8fdc6db1a75e0f8d763e66e3754b03006cbc3854d89f1cb1", "c6414f6aad598364aaf81068cabb077894eb88fed99c6a65e6e8217bab62ae7a", "c710fcb7ee32f67baf25aa9ffede4795fd5d93b163ce95fdc724383e38c9df96", "c7be4b8a09852291c3c48d3c25d1b876d2494a0a674980089ac9d5e0d78bd132", "c9e5ffb910b14f090ac9c38599063e354887a5f6d7e6d26795e916b4514f2c1a", "e0697b826da6c2472bb6488db4c0a7fa8af0d52fa08833ceb3681358914b14e5", "e9a3edd5f714229d41057d56ac0f39ad9bdba6767e8c888c951869f0bdd129b0"]
protobuf = ["125713564d8cfed7610e52444c9769b8dcb0b55e25cc7841f2290ee7bc86636f", "1accdb7a47e51503be64d9a57543964ba674edac103215576399d2d0e34eac77", "27003d12d4f68e3cbea9eb67427cab3bfddd47ff90670cb367fcd7a3a89b9657", "3264f3c431a631b0b31e9db2ae8c927b79fc1a7b1b06b31e8e5bcf2af91fe896", "3c5ab0f5c71ca5af27143e60613729e3488bb45f6d3f143dc918a20af8bab0bf", "45dcf8758873e3f69feab075e5f3177270739f146255225474ee0b90429adef6", "56a77d61a91186cc5676d8e11b36a5feb513873e4ae88d2ee5cf530d52bbcd3b", "5984e4947bbcef5bd849d6244aec507d31786f2dd3344139adc1489fb403b300", "6b0441da73796dd00821763bb4119674eaf252776beb50ae3883bed179a60b2a", "6f6677c5ade94d4fe75a912926d6796d5c71a2a90c2aeefe0d6f211d75c74789", "84a825a9418d7196e2acc48f8746cf1ee75877ed2f30433ab92a133f3eaf8fbe", "b842c34fe043ccf78b4a6cf1019d7b80113707d68c88842d061fa2b8fb6ddedc", "ca33d2f09dae149a1dcf942d2d825ebb06343b77b437198c9e2ef115cf5d5bc1", "cc9af00df3fc9302f537a8335668c20be27916b2277e9a5eaed510266e2bb33b", "db83b5c12c0cd30150bb568e6feb2435c49ce4e68fe2d7b903113f0e221e58fe", "f50f3b1c5c1c1334ca7ce9cad5992f098f460ffd6388a3cabad10b66c2006b09", "f99f127909731cafb841c52f9216e447d3e4afb99b17bebfad327a75aee206de"]
pyparsing = ["20f995ecd72f2a1f4bf6b072b63b22e2eb457836601e76d6e5dfcd75436acc1f", "4ca62001be367f01bd3e92ecbb79070272a9d4964dce6a48a82ff0b8bc7e683a"]
python-dateutil = ["73ebfe9dbf22e832286dafa60473e4cd239f8592f699aa5adaf10050e6e1823c", "75bb3f31ea686f1197762692a9ee6a7550b59fc6ca3a1f4b5d7e32fb98e2da2a"]
pytorch-lightning = ["ec37adfcc5065c7f8ffbf406bf42695238eafa418b7f3f22efbf91a30a11589c"]
pytz = ["1c557d7d0e871de1f5ccd5833f60fb2550652da6be2693c1e02300743d21500d", "b02c06db6cf09c12dd25137e563b31700d3b80fcc4ad23abb7a315f2789819be"]
scikit-learn = ["05d061606657af85365b5f71484e3362d924429edde17a90068960843ad597f5", "071317afbb5c67fa493635376ddd724b414290255cbf6947c1155846956e93f7", "0d03aaf19a25e59edac3099cda6879ba05129f0fa1e152e23b728ccd36104f57", "1665ea0d4b75ef24f5f2a9d1527b7296eeabcbe3a1329791c954541e2ebde5a2", "24eccb0ff31f84e88e00936c09197735ef1dcabd370aacb10e55dbc8ee464a78", "27b48cabacce677a205e6bcda1f32bdc968fbf40cd2aa0a4f52852f6997fce51", "2c51826b9daa87d7d356bebd39f8665f7c32e90e3b21cbe853d6c7f0d6b0d23b", "3116299d392bd1d054655fa2a740e7854de87f1d573fa85503e64494e52ac795", "3771861abe1fd1b2bbeaec7ba8cfca58fdedd75d790f099960e5332af9d1ff7a", "473ba7d9a5eaec47909ee83d74b4a3be47a44505c5189d2cab67c0418cd030f1", "621e2c91f9afde06e9295d128cb15cb6fc77dc00719393e9ec9d47119895b0d4", "645865462c383e5faad473b93145a8aee97d839c9ad1fd7a17ae54ec8256d42b", "80e2276d4869d302e84b7c03b5bac4a67f6cd331162e62ae775a3e5855441a60", "84d2cfe0dee3c22b26364266d69850e0eb406d99714045929875032f91d3c918", "87ea9ace7fe811638dfc39b850b60887509b8bfc93c4006d5552fa066d04ddc7", "a4d1e535c75881f668010e6e53dfeb89dd50db85b05c5c45af1991c8b832d757", "a4f14c4327d2e44567bfb3a0bee8c55470f820bc9a67af3faf200abd8ed79bf2", "a7b3c24e193e8c6eaeac075b5d0bb0a7fea478aa2e4b991f6a7b030fc4fd410d", "ab2919aca84f1ac6ef60a482148eec0944364ab1832e63f28679b16f9ef279c8", "b0f79d5ff74f3c68a4198ad5b4dfa891326b5ce272dd064d11d572b25aae5b43", "bc5bc7c7ee2572a1edcb51698a6caf11fae554194aaab9a38105d9ec419f29e6", "bc5c750d548795def79576533f8f0f065915f17f48d6e443afce2a111f713747", "c68969c30b3b2c1fe07c1376110928eade61da4fc29c24c9f1a89435a7d08abe", "d3b4f791d2645fe936579d61f1ff9b5dcf0c8f50db7f0245ca8f16407d7a5a46", "dac0cd9fdd8ac6dd6108a10558e2e0ca1b411b8ea0a3165641f9ab0b4322df4e", "eb7ddbdf33eb822fdc916819b0ab7009d954eb43c3a78e7dd2ec5455e074922a", "ed537844348402ed53420187b3a6948c576986d0b2811a987a49613b6a26f29e", "fcca54733e692fe03b8584f7d4b9344f4b6e3a74f5b326c6e5f5e9d2504bdce7"]
scipy = ["0359576d8cc058bd615999cf985e2423dc6cc824666d60e8b8d4810569a04655", "07673b5b96dbe28c88f3a53ca9af67f802aa853de7402e31f473b4dd6501c799", "0f81e71149539ac09053a3f9165659367b060eceef3bbde11e6600e1c341f1f2", "125aa82f7b3d4bd7f77fed6c3c6e31be47e33f129d829799569389ae59f913e7", "2dc26e5b3eb86b7adad506b6b04020f6a87e1102c9acd039e937d28bdcee7fa6", "2e4b5fdb635dd425bf46fbd6381612692d3c795f1eb6fe62410305a440691d46", "33ac3213ee617bbc0eac84d02b130d69093ed7738afb281dfdeb12a9dbdf1530", "34c48d922760782732d6f8f4532e320984d1280763c6787c6582021d34c8ad79", "3f556f63e070e9596624e42e99d23b259d8f0fc63ec093bef97a9f1c579565b2", "470d8fc76ccab6cfff60a9de4ce316a23ee7f63615d948c7446dc7c1bb45042d", "4ad7a3ae9831d2085d6f50b81bfcd76368293eafdf31f4ac9f109c6061309c24", "61812a7db0d9bc3f13653e52b8ddb1935cf444ec55f39160fc2778aeb2719057", "7a0477929e6f9d5928fe81fe75d00b7da9545a49109e66028d85848b18aeef99", "9c3221039da50f3b60da70b65d6b020ea26cefbb097116cfec696010432d1f6c", "a03939b431994289f39373c57bbe452974a7da724ae7f9620a1beee575434da4", "df4dbd3d40db3f667e0145dba5f50954bf28b2dd5b8b400c79d5e3fe8cb67ce2", "e837c8068bd1929a533e9d51562faf6584ddb5303d9e218d8c11aa4719dcd617", "ecfd45ca0ce1d6c13bef17794b4052cc9a9574f4be8d44c9bcfd7e34294bd2d7", "ee5888c62cd83c9bf9927ffcee08434e7d5c81a8f31e5b85af5470e511022c08", "f018892621b787b9abf76d51d1f0c21611c71752ebb1891ccf7992e0bf973708", "f2d5db81d90d14a32d4aff920f52fca5639bcaaaf87b4f61bce83a1d238f49fc"]
six = ["1f1b7d42e254082a9db6279deae68afb421ceba6158efa6131de7b3003ee93fd", "30f610279e8b2578cab6db20741130331735c781b56053c59c4076da27f06b66"]
tb-nightly = ["601a7271d9022a406014a79811e6187f472fe104ddc7b3c4c96c65b954fcb80c", "a9a2dc787f0abcbab6962e0606fefcdcd987ba4576023116f2b4c812353a9a09"]
test-tube = ["3dabcb345a4c7ec9fe2af14926894ead09e8349f05ea932056dbc837cf4fb28c"]
torch = ["2d07d9db5cf43d152c17caf13428c10ab8c8fbf9c3bd503cfc46222cbfd1bb1c", "3b3ef18d03d8bc2ffccef1b3d2a156aa6f3235ed76d1c93cf3711c48055c79ce", "7499fbc00ebbb04b6a6cc77ba7055b3b93460da87139dd8aeb357c5446a44cf8", "93e3542d57d413d4bbd75f34ce06b7a2840da3a258e3ce20c751b31a6c24189f", "aec5245b459427bd4acea092bacbd6794bebaf65488caf931833a76cfbf9c5fa", "b33884ff0ca101ea6a3415e946b85f98253ee32401c6d863cc5fc6d5bb02d81c", "d460039d0d6c9e3e70b76bf9594c4ac364a287f125d22e10a6e9e1198887422c", "edf07e00bb7271406cec50630d7e17f89221eeea9bd6abab885f710d31758691"]
torchvision = ["23ded32f6e6b6048f2da7b9a8933d122038d050641e385b8857ef206e0613d3b", "4380da0565bd729338f965b4465367dc35a64bdf9e0654a6ae72cf9bdb46dce7", "49315de81faa7e874dbcff58d188eb4d7d0327bc9bb630f2da9d7abe79583708", "5f8b6acd544fca8642099c921cea590cd711ecd6b30c73a335c10a525421450e", "60932ebfa4cbcdba707821ea365f7ca89cde679c087e96f947d99035132dbd7e", "621b49722f97489725660ef0152a447031b21314af67b49a48ee48513f073690", "65cbd363ec17a74d47d0e5237c258a98d0cd548e79455a37d9699418f9413512", "7715c602d4ef7d66ae37002ccbf1d341fdafefd3331e2dabc9341483eb0bd2b2", "b2edd39450c7628e46b53b370a80727aacebfce83458faa4209f6346a39ca845", "c19d3d72987e6c0cbd90e37a80b51f93765c9cbc9954074b6396f8f2ea80a7d4", "dd1c29ea41b6f7f12477aaf2e359781023a6e127d9a5642b6e96978b56b13674", "e54e0f392c3a20206e5f1d09c7eef208e680099c242e4f86b7e51217df812f32"]
tqdm = ["1be3e4e3198f2d0e47b928e9d9a8ec1b63525db29095cec1467f4c5a4ea8ebf9", "7e39a30e3d34a7a6539378e39d7490326253b7ee354878a92255656dc4284457"]
werkzeug = ["7280924747b5733b246fe23972186c6b348f9ae29724135a6dfc1e53cea433e7", "e5f4a1f98b52b18a93da705a7458e55afb26f32bff83ff5d19189f92462d65c4"]
wheel = ["10c9da68765315ed98850f8e048347c3eb06dd81822dc2ab1d4fde9dc9702646", "f4da1763d3becf2e2cd92a14a7c920f0f00eca30fdde9ea992c836685b9faf28"]
