[[package]]
category = "main"
description = "Atomic file writes."
name = "atomicwrites"
optional = false
python-versions = ">=2.7, !=3.0.*, !=3.1.*, !=3.2.*, !=3.3.*"
version = "1.3.0"

[[package]]
category = "main"
description = "Classes Without Boilerplate"
name = "attrs"
optional = false
python-versions = ">=2.7, !=3.0.*, !=3.1.*, !=3.2.*, !=3.3.*"
version = "19.2.0"

[package.extras]
azure-pipelines = ["coverage", "hypothesis", "pympler", "pytest (>=4.3.0)", "six", "zope.interface", "pytest-azurepipelines"]
dev = ["coverage", "hypothesis", "pympler", "pytest (>=4.3.0)", "six", "zope.interface", "sphinx", "pre-commit"]
docs = ["sphinx", "zope.interface"]
tests = ["coverage", "hypothesis", "pympler", "pytest (>=4.3.0)", "six", "zope.interface"]

[[package]]
category = "main"
description = "Composable command line interface toolkit"
name = "click"
optional = false
python-versions = ">=2.7, !=3.0.*, !=3.1.*, !=3.2.*, !=3.3.*"
version = "7.0"

[[package]]
category = "main"
description = "Cross-platform colored terminal text."
name = "colorama"
optional = false
python-versions = ">=2.7, !=3.0.*, !=3.1.*, !=3.2.*, !=3.3.*"
version = "0.4.1"

[[package]]
category = "main"
description = "A platform independent file lock."
name = "filelock"
optional = false
python-versions = "*"
version = "3.0.12"

[[package]]
category = "main"
description = "Python function signatures from PEP362 for Python 2.6, 2.7 and 3.2+"
name = "funcsigs"
optional = false
python-versions = "*"
version = "1.0.2"

[[package]]
category = "main"
description = "Clean single-source support for Python 3 and 2"
name = "future"
optional = false
python-versions = ">=2.6, !=3.0.*, !=3.1.*, !=3.2.*"
version = "0.18.0"

[[package]]
category = "main"
description = "Read metadata from Python packages"
name = "importlib-metadata"
optional = false
python-versions = ">=2.7,!=3.0,!=3.1,!=3.2,!=3.3"
version = "0.23"

[package.dependencies]
zipp = ">=0.5"

[package.extras]
docs = ["sphinx", "rst.linker"]
testing = ["packaging", "importlib-resources"]

[[package]]
category = "main"
description = "Lightweight pipelining: using Python functions as pipeline jobs."
name = "joblib"
optional = false
python-versions = "*"
version = "0.14.0"

[[package]]
category = "main"
description = "An implementation of JSON Schema validation for Python"
name = "jsonschema"
optional = false
python-versions = "*"
version = "3.1.1"

[package.dependencies]
attrs = ">=17.4.0"
importlib-metadata = "*"
pyrsistent = ">=0.14.0"
setuptools = "*"
six = ">=1.11.0"

[package.extras]
format = ["idna", "jsonpointer (>1.13)", "rfc3987", "strict-rfc3339", "webcolors"]

[[package]]
category = "main"
description = "More routines for operating on iterables, beyond itertools"
name = "more-itertools"
optional = false
python-versions = ">=3.4"
version = "7.2.0"

[[package]]
category = "main"
description = "NumPy is the fundamental package for array computing with Python."
name = "numpy"
optional = false
python-versions = ">=3.5"
version = "1.17.2"

[[package]]
category = "main"
description = "Wrapper package for OpenCV python bindings."
name = "opencv-python"
optional = false
python-versions = "*"
version = "4.1.1.26"

[package.dependencies]
numpy = ">=1.11.1"

[[package]]
category = "main"
description = "Core utilities for Python packages"
name = "packaging"
optional = false
python-versions = ">=2.7, !=3.0.*, !=3.1.*, !=3.2.*, !=3.3.*"
version = "19.2"

[package.dependencies]
pyparsing = ">=2.0.2"
six = "*"

[[package]]
category = "main"
description = "Python Imaging Library (Fork)"
name = "pillow"
optional = false
python-versions = ">=2.7, !=3.0.*, !=3.1.*, !=3.2.*, !=3.3.*, !=3.4.*"
version = "6.2.0"

[[package]]
category = "main"
description = "plugin and hook calling mechanisms for python"
name = "pluggy"
optional = false
python-versions = ">=2.7, !=3.0.*, !=3.1.*, !=3.2.*, !=3.3.*"
version = "0.13.0"

[package.dependencies]
[package.dependencies.importlib-metadata]
python = "<3.8"
version = ">=0.12"

[package.extras]
dev = ["pre-commit", "tox"]

[[package]]
category = "main"
description = "Protocol Buffers"
name = "protobuf"
optional = false
python-versions = "*"
version = "3.10.0"

[package.dependencies]
setuptools = "*"
six = ">=1.9"

[[package]]
category = "main"
description = "library with cross-python path, ini-parsing, io, code, log facilities"
name = "py"
optional = false
python-versions = ">=2.7, !=3.0.*, !=3.1.*, !=3.2.*, !=3.3.*"
version = "1.8.0"

[[package]]
category = "main"
description = "Python parsing module"
name = "pyparsing"
optional = false
python-versions = ">=2.6, !=3.0.*, !=3.1.*, !=3.2.*"
version = "2.4.2"

[[package]]
category = "main"
description = "Persistent/Functional/Immutable data structures"
name = "pyrsistent"
optional = false
python-versions = "*"
version = "0.15.4"

[package.dependencies]
six = "*"

[[package]]
category = "main"
description = "pytest: simple powerful testing with Python"
name = "pytest"
optional = false
python-versions = ">=3.5"
version = "5.2.1"

[package.dependencies]
atomicwrites = ">=1.0"
attrs = ">=17.4.0"
colorama = "*"
more-itertools = ">=4.0.0"
packaging = "*"
pluggy = ">=0.12,<1.0"
py = ">=1.5.0"
wcwidth = "*"

[package.dependencies.importlib-metadata]
python = "<3.8"
version = ">=0.12"

[package.extras]
testing = ["argcomplete", "hypothesis (>=3.56)", "mock", "nose", "requests", "xmlschema"]

[[package]]
category = "main"
description = "YAML parser and emitter for Python"
name = "pyyaml"
optional = false
python-versions = "*"
version = "5.1.2"

[[package]]
category = "main"
description = "A system for parallel and distributed Python that unifies the ML ecosystem."
name = "ray"
optional = false
python-versions = "*"
version = "0.7.5"

[package.dependencies]
click = "*"
colorama = "*"
filelock = "*"
funcsigs = "*"
jsonschema = "*"
numpy = ">=1.14"
protobuf = ">=3.8.0"
pytest = "*"
pyyaml = "*"
redis = ">=3.3.2"
six = ">=1.0.0"

[package.extras]
dashboard = ["psutil", "aiohttp"]
debug = ["psutil", "setproctitle", "py-spy"]
rllib = ["pyyaml", "gym", "opencv-python-headless", "lz4", "scipy"]
serve = ["uvicorn", "pygments", "werkzeug"]

[[package]]
category = "main"
description = "Python client for Redis key-value store"
name = "redis"
optional = false
python-versions = ">=2.7, !=3.0.*, !=3.1.*, !=3.2.*, !=3.3.*"
version = "3.3.11"

[package.extras]
hiredis = ["hiredis (>=0.1.3)"]

[[package]]
category = "main"
description = "Python 2 and 3 compatibility utilities"
name = "six"
optional = false
python-versions = ">=2.6, !=3.0.*, !=3.1.*"
version = "1.12.0"

[[package]]
category = "main"
description = "TensorBoardX lets you watch Tensors Flow without Tensorflow"
name = "tensorboardx"
optional = false
python-versions = "*"
version = "1.9"

[package.dependencies]
numpy = "*"
protobuf = ">=3.8.0"
six = "*"

[[package]]
category = "main"
description = "Tensors and Dynamic neural networks in Python with strong GPU acceleration"
name = "torch"
optional = false
python-versions = ">=2.7, !=3.0.*, !=3.1.*, !=3.2.*, !=3.3.*, !=3.4.*"
version = "1.3.0"

[package.dependencies]
future = "*"
numpy = "*"

[[package]]
category = "main"
description = "image and video datasets and models for torch deep learning"
name = "torchvision"
optional = false
python-versions = "*"
version = "0.4.1"

[package.dependencies]
numpy = "*"
pillow = ">=4.1.1"
six = "*"
torch = "1.3.0"

[package.extras]
scipy = ["scipy"]

[[package]]
category = "main"
description = "Fast, Extensible Progress Meter"
name = "tqdm"
optional = false
python-versions = ">=2.6, !=3.0.*, !=3.1.*"
version = "4.36.1"

[package.extras]
dev = ["py-make (>=0.1.0)", "twine", "argopt", "pydoc-markdown"]

[[package]]
category = "main"
description = "Measures number of Terminal column cells of wide-character codes"
name = "wcwidth"
optional = false
python-versions = "*"
version = "0.1.7"

[[package]]
category = "main"
description = "Backport of pathlib-compatible object wrapper for zip files"
name = "zipp"
optional = false
python-versions = ">=2.7"
version = "0.6.0"

[package.dependencies]
more-itertools = "*"

[package.extras]
docs = ["sphinx", "jaraco.packaging (>=3.2)", "rst.linker (>=1.9)"]
testing = ["pathlib2", "contextlib2", "unittest2"]

[metadata]
content-hash = "932f8d73ed8d7c83820c6b6bae1765cc48283726aa400635e1dd2193224e3a60"
python-versions = "^3.7"

[metadata.hashes]
atomicwrites = ["03472c30eb2c5d1ba9227e4c2ca66ab8287fbfbbda3888aa93dc2e28fc6811b4", "75a9445bac02d8d058d5e1fe689654ba5a6556a1dfd8ce6ec55a0ed79866cfa6"]
attrs = ["ec20e7a4825331c1b5ebf261d111e16fa9612c1f7a5e1f884f12bd53a664dfd2", "f913492e1663d3c36f502e5e9ba6cd13cf19d7fab50aa13239e420fef95e1396"]
click = ["2335065e6395b9e67ca716de5f7526736bfa6ceead690adf616d925bdc622b13", "5b94b49521f6456670fdb30cd82a4eca9412788a93fa6dd6df72c94d5a8ff2d7"]
colorama = ["05eed71e2e327246ad6b38c540c4a3117230b19679b875190486ddd2d721422d", "f8ac84de7840f5b9c4e3347b3c1eaa50f7e49c2b07596221daec5edaabbd7c48"]
filelock = ["18d82244ee114f543149c66a6e0c14e9c4f8a1044b5cdaadd0f82159d6a6ff59", "929b7d63ec5b7d6b71b0fa5ac14e030b3f70b75747cef1b10da9b879fef15836"]
funcsigs = ["330cc27ccbf7f1e992e69fef78261dc7c6569012cf397db8d3de0234e6c937ca", "a7bb0f2cf3a3fd1ab2732cb49eba4252c2af4240442415b4abce3b87022a8f50"]
future = ["6142ef79e2416e432931d527452a1cab3aa4a754a0a53d25b2589f79e1106f34"]
importlib-metadata = ["aa18d7378b00b40847790e7c27e11673d7fed219354109d0e7b9e5b25dc3ad26", "d5f18a79777f3aa179c145737780282e27b508fc8fd688cb17c7a813e8bd39af"]
joblib = ["006108c7576b3eb6c5b27761ddbf188eb6e6347696325ab2027ea1ee9a4b922d", "6fcc57aacb4e89451fd449e9412687c51817c3f48662c3d8f38ba3f8a0a193ff"]
jsonschema = ["2fa0684276b6333ff3c0b1b27081f4b2305f0a36cf702a23db50edb141893c3f", "94c0a13b4a0616458b42529091624e66700a17f847453e52279e35509a5b7631"]
more-itertools = ["409cd48d4db7052af495b09dec721011634af3753ae1ef92d2b32f73a745f832", "92b8c4b06dac4f0611c0729b2f2ede52b2e1bac1ab48f089c7ddc12e26bb60c4"]
numpy = ["05dbfe72684cc14b92568de1bc1f41e5f62b00f714afc9adee42f6311738091f", "0d82cb7271a577529d07bbb05cb58675f2deb09772175fab96dc8de025d8ac05", "10132aa1fef99adc85a905d82e8497a580f83739837d7cbd234649f2e9b9dc58", "12322df2e21f033a60c80319c25011194cd2a21294cc66fee0908aeae2c27832", "16f19b3aa775dddc9814e02a46b8e6ae6a54ed8cf143962b4e53f0471dbd7b16", "3d0b0989dd2d066db006158de7220802899a1e5c8cf622abe2d0bd158fd01c2c", "438a3f0e7b681642898fd7993d38e2bf140a2d1eafaf3e89bb626db7f50db355", "5fd214f482ab53f2cea57414c5fb3e58895b17df6e6f5bca5be6a0bb6aea23bb", "73615d3edc84dd7c4aeb212fa3748fb83217e00d201875a47327f55363cef2df", "7bd355ad7496f4ce1d235e9814ec81ee3d28308d591c067ce92e49f745ba2c2f", "7d077f2976b8f3de08a0dcf5d72083f4af5411e8fddacd662aae27baa2601196", "a4092682778dc48093e8bda8d26ee8360153e2047826f95a3f5eae09f0ae3abf", "b458de8624c9f6034af492372eb2fee41a8e605f03f4732f43fc099e227858b2", "e70fc8ff03a961f13363c2c95ef8285e0cf6a720f8271836f852cc0fa64e97c8", "ee8e9d7cad5fe6dde50ede0d2e978d81eafeaa6233fb0b8719f60214cf226578", "f4a4f6aba148858a5a5d546a99280f71f5ee6ec8182a7d195af1a914195b21a2"]
opencv-python = ["01505b131dc35f60e99a5da98b77156e37f872ae0ff5596e5e68d526bb572d3c", "0478a1037505ddde312806c960a5e8958d2cf7a2885e8f2f5dde74c4028e0b04", "17810b89f9ef8e8537e75332acf533e619e26ccadbf1b73f24bf338f2d327ddd", "19ad2ea9fb32946761b47b9d6eed51876a8329da127f27788263fecd66651ba0", "1a250edb739baf3e7c25d99a2ee252aac4f59a97e0bee39237eaa490fd0281d3", "3505468970448f66cd776cb9e179570c87988f94b5cf9bcbc4c2d88bd88bbdf1", "4e04a91da157885359f487534433340b2d709927559c80acf62c28167e59be02", "5a49cffcdec5e37217672579c3343565926d999642844efa9c6a031ed5f32318", "604b2ce3d4a86480ced0813da7fba269b4605ad9fea26cd2144d8077928d4b49", "61cbb8fa9565a0480c46028599431ad8f19181a7fac8070a700515fd54cd7377", "62d7c6e511c9454f099616315c695d02a584048e1affe034b39160db7a2ae34d", "6555272dd9efd412d17cdc1a4f4c2da5753c099d95d9ff01aca54bb9782fb5cf", "67d994c6b2b14cb9239e85dc7dfa6c08ef7cf6eb4def80c0af6141dfacc8cbb9", "68c9cbe538666c4667523821cc56caee49389bea06bae4c0fc2cd68bd264226a", "822ad8f628a9498f569c57d30865f5ef9ee17824cee0a1d456211f742028c135", "82d972429eb4fee22c1dc4204af2a2e981f010e5e4f66daea2a6c68381b79184", "9128924f5b58269ee221b8cf2d736f31bd3bb0391b92ee8504caadd68c8176a2", "9172cf8270572c494d8b2ae12ef87c0f6eed9d132927e614099f76843b0c91d7", "952bce4d30a8287b17721ddaad7f115dab268efee8576249ddfede80ec2ce404", "a8147718e70b1f170a3d26518e992160137365a4db0ed82a9efd3040f9f660d4", "bfdb636a3796ff223460ea0fcfda906b3b54f4bef22ae433a5b67e66fab00b25", "c9c3f27867153634e1083390920067008ebaaab78aeb09c4e0274e69746cb2c8", "d69be21973d450a4662ae6bd1b3df6b1af030e448d7276380b0d1adf7c8c2ae6", "db1479636812a6579a3753b72a6fefaa73190f32bf7b19e483f8bc750cebe1a5", "db8313d755962a7dd61e5c22a651e0743208adfdb255c6ec8904ce9cb02940c6", "e4625a6b032e7797958aeb630d6e3e91e3896d285020aae612e6d7b342d6dfea", "e8397a26966a1290836a52c34b362aabc65a422b9ffabcbbdec1862f023ccab8"]
packaging = ["28b924174df7a2fa32c1953825ff29c61e2f5e082343165438812f00d3a7fc47", "d9551545c6d761f3def1677baf08ab2a3ca17c56879e70fecba2fc4dde4ed108"]
pillow = ["00fdeb23820f30e43bba78eb9abb00b7a937a655de7760b2e09101d63708b64e", "01f948e8220c85eae1aa1a7f8edddcec193918f933fb07aaebe0bfbbcffefbf1", "08abf39948d4b5017a137be58f1a52b7101700431f0777bec3d897c3949f74e6", "099a61618b145ecb50c6f279666bbc398e189b8bc97544ae32b8fcb49ad6b830", "2c1c61546e73de62747e65807d2cc4980c395d4c5600ecb1f47a650c6fa78c79", "2ed9c4f694861642401f27dc3cb99772be67cd190e84845c749dae0a06c3bfae", "338581b30b908e111be578f0297255f6b57a51358cd16fa0e6f664c9a1f88bff", "38c7d48a21cd06fdeee93987147b9b1c55b73b4cfcbf83240568bfbd5adee447", "43fd026f613c8e48a25eba1a92f4d2ad7f3903c95d8c33a11611a7717d2ab654", "4548236844327a718ce3bb182ab32a16fa2050c61e334e959f554cac052fb0df", "5090857876c58885cfa388dc649e5db30aae98a068c26f3fd0ac9d7d9a4d9572", "5bbba34f97a26a93f5e8dec469ca4ddd712451418add43da946dbaed7f7a98d2", "65a28969a025a0eb4594637b6103201dc4ed2a9508bdab56ac33e43e3081c404", "892bb52b70bd5ea9dbbc3ac44f38e84f5a04e9d8b1bff48159d96cb795b81159", "8a9becd5cbd5062f973bcd2e7bc79483af310222de112b6541f8af1f93a3cc42", "972a7aaeb7c4a2795b52eef52ee991ef040b31009f36deca6207a986607b55f3", "97b119c436bfa96a92ac2ca525f7025836d4d4e64b1c9f9eff8dbaf3ff1d86f3", "9ba37698e242223f8053cc158f130aee046a96feacbeab65893dbe94f5530118", "b1b0e1f626a0f079c0d3696db70132fb1f29aa87c66aecb6501a9b8be64ce9f7", "c14c1224fd1a5be2733530d648a316974dbbb3c946913562c6005a76f21ca042", "c79a8546c48ae6465189e54e3245a97ddf21161e33ff7eaa42787353417bb2b6", "ceb76935ac4ebdf6d7bc845482a4450b284c6ccfb281e34da51d510658ab34d8", "e22bffaad04b4d16e1c091baed7f2733fc1ebb91e0c602abf1b6834d17158b1f", "ec883b8e44d877bda6f94a36313a1c6063f8b1997aa091628ae2f34c7f97c8d5", "f1baa54d50ec031d1a9beb89974108f8f2c0706f49798f4777df879df0e1adb6", "f53a5385932cda1e2c862d89460992911a89768c65d176ff8c50cddca4d29bed"]
pluggy = ["0db4b7601aae1d35b4a033282da476845aa19185c1e6964b25cf324b5e4ec3e6", "fa5fa1622fa6dd5c030e9cad086fa19ef6a0cf6d7a2d12318e10cb49d6d68f34"]
protobuf = ["125713564d8cfed7610e52444c9769b8dcb0b55e25cc7841f2290ee7bc86636f", "1accdb7a47e51503be64d9a57543964ba674edac103215576399d2d0e34eac77", "27003d12d4f68e3cbea9eb67427cab3bfddd47ff90670cb367fcd7a3a89b9657", "3264f3c431a631b0b31e9db2ae8c927b79fc1a7b1b06b31e8e5bcf2af91fe896", "3c5ab0f5c71ca5af27143e60613729e3488bb45f6d3f143dc918a20af8bab0bf", "45dcf8758873e3f69feab075e5f3177270739f146255225474ee0b90429adef6", "56a77d61a91186cc5676d8e11b36a5feb513873e4ae88d2ee5cf530d52bbcd3b", "5984e4947bbcef5bd849d6244aec507d31786f2dd3344139adc1489fb403b300", "6b0441da73796dd00821763bb4119674eaf252776beb50ae3883bed179a60b2a", "6f6677c5ade94d4fe75a912926d6796d5c71a2a90c2aeefe0d6f211d75c74789", "84a825a9418d7196e2acc48f8746cf1ee75877ed2f30433ab92a133f3eaf8fbe", "b842c34fe043ccf78b4a6cf1019d7b80113707d68c88842d061fa2b8fb6ddedc", "ca33d2f09dae149a1dcf942d2d825ebb06343b77b437198c9e2ef115cf5d5bc1", "cc9af00df3fc9302f537a8335668c20be27916b2277e9a5eaed510266e2bb33b", "db83b5c12c0cd30150bb568e6feb2435c49ce4e68fe2d7b903113f0e221e58fe", "f50f3b1c5c1c1334ca7ce9cad5992f098f460ffd6388a3cabad10b66c2006b09", "f99f127909731cafb841c52f9216e447d3e4afb99b17bebfad327a75aee206de"]
py = ["64f65755aee5b381cea27766a3a147c3f15b9b6b9ac88676de66ba2ae36793fa", "dc639b046a6e2cff5bbe40194ad65936d6ba360b52b3c3fe1d08a82dd50b5e53"]
pyparsing = ["6f98a7b9397e206d78cc01df10131398f1c8b8510a2f4d97d9abd82e1aacdd80", "d9338df12903bbf5d65a0e4e87c2161968b10d2e489652bb47001d82a9b028b4"]
pyrsistent = ["34b47fa169d6006b32e99d4b3c4031f155e6e68ebcc107d6454852e8e0ee6533"]
pytest = ["7e4800063ccfc306a53c461442526c5571e1462f61583506ce97e4da6a1d88c8", "ca563435f4941d0cb34767301c27bc65c510cb82e90b9ecf9cb52dc2c63caaa0"]
pyyaml = ["0113bc0ec2ad727182326b61326afa3d1d8280ae1122493553fd6f4397f33df9", "01adf0b6c6f61bd11af6e10ca52b7d4057dd0be0343eb9283c878cf3af56aee4", "5124373960b0b3f4aa7df1707e63e9f109b5263eca5976c66e08b1c552d4eaf8", "5ca4f10adbddae56d824b2c09668e91219bb178a1eee1faa56af6f99f11bf696", "7907be34ffa3c5a32b60b95f4d95ea25361c951383a894fec31be7252b2b6f34", "7ec9b2a4ed5cad025c2278a1e6a19c011c80a3caaac804fd2d329e9cc2c287c9", "87ae4c829bb25b9fe99cf71fbb2140c448f534e24c998cc60f39ae4f94396a73", "9de9919becc9cc2ff03637872a440195ac4241c80536632fffeb6a1e25a74299", "a5a85b10e450c66b49f98846937e8cfca1db3127a9d5d1e31ca45c3d0bef4c5b", "b0997827b4f6a7c286c01c5f60384d218dca4ed7d9efa945c3e1aa623d5709ae", "b631ef96d3222e62861443cc89d6563ba3eeb816eeb96b2629345ab795e53681", "bf47c0607522fdbca6c9e817a6e81b08491de50f3766a7a0e6a5be7905961b41", "f81025eddd0327c7d4cfe9b62cf33190e1e736cc6e97502b3ec425f574b3e7a8"]
ray = ["07d8c40ec15ac53f6326a5011e0be7ecfbed968459fabc607fac982e8fc8e7bc", "2c0339aca60888014d06679117fdc4e531e0eafca37a6826251d38583ddb9343", "8071b56246c48591390d0606f766f1f058cf3c11dfbe188a0052fd85d9cfcfc8", "8a71e672c00c319b70cedd2a8919d982fb40fb302bd44487fd40321c79b877d5", "9c778763676a8f21a555c18902556f16f77b417fa338ab1df4163591fd32c094", "a5c992691ac3b55b3310474253b060aa0b67e6361d47ba7f3800f0f6304efbad", "e14716f05e584cf226c73e2f7316ff2e50109e4e50b0ebff05facbef9bf8a63b", "f2e3990c01991925b4e8b39d52031b1e51fdd101fc395e77da8102f42490e7a4"]
redis = ["3613daad9ce5951e426f460deddd5caf469e08a3af633e9578fc77d362becf62", "8d0fc278d3f5e1249967cba2eb4a5632d19e45ce5c09442b8422d15ee2c22cc2"]
six = ["3350809f0555b11f552448330d0b52d5f24c91a322ea4a15ef22629740f3761c", "d16a0141ec1a18405cd4ce8b4613101da75da0e9a7aec5bdd4fa804d0e0eba73"]
tensorboardx = ["3d6706fc0d0b2d4afbb9ec8bfc2aa9b7c2abff7d4dc3e1cb92cf180c9cfaf1d6"]
torch = ["2d07d9db5cf43d152c17caf13428c10ab8c8fbf9c3bd503cfc46222cbfd1bb1c", "3b3ef18d03d8bc2ffccef1b3d2a156aa6f3235ed76d1c93cf3711c48055c79ce", "7499fbc00ebbb04b6a6cc77ba7055b3b93460da87139dd8aeb357c5446a44cf8", "93e3542d57d413d4bbd75f34ce06b7a2840da3a258e3ce20c751b31a6c24189f", "aec5245b459427bd4acea092bacbd6794bebaf65488caf931833a76cfbf9c5fa", "b33884ff0ca101ea6a3415e946b85f98253ee32401c6d863cc5fc6d5bb02d81c", "d460039d0d6c9e3e70b76bf9594c4ac364a287f125d22e10a6e9e1198887422c", "edf07e00bb7271406cec50630d7e17f89221eeea9bd6abab885f710d31758691"]
torchvision = ["23ded32f6e6b6048f2da7b9a8933d122038d050641e385b8857ef206e0613d3b", "4380da0565bd729338f965b4465367dc35a64bdf9e0654a6ae72cf9bdb46dce7", "5f8b6acd544fca8642099c921cea590cd711ecd6b30c73a335c10a525421450e", "60932ebfa4cbcdba707821ea365f7ca89cde679c087e96f947d99035132dbd7e", "621b49722f97489725660ef0152a447031b21314af67b49a48ee48513f073690", "65cbd363ec17a74d47d0e5237c258a98d0cd548e79455a37d9699418f9413512", "7715c602d4ef7d66ae37002ccbf1d341fdafefd3331e2dabc9341483eb0bd2b2", "b2edd39450c7628e46b53b370a80727aacebfce83458faa4209f6346a39ca845", "dd1c29ea41b6f7f12477aaf2e359781023a6e127d9a5642b6e96978b56b13674"]
tqdm = ["abc25d0ce2397d070ef07d8c7e706aede7920da163c64997585d42d3537ece3d", "dd3fcca8488bb1d416aa7469d2f277902f26260c45aa86b667b074cd44b3b115"]
wcwidth = ["3df37372226d6e63e1b1e1eda15c594bca98a22d33a23832a90998faa96bc65e", "f4ebe71925af7b40a864553f761ed559b43544f8f71746c2d756c7fe788ade7c"]
zipp = ["3718b1cbcd963c7d4c5511a8240812904164b7f381b647143a89d3b98f9bcd8e", "f06903e9f1f43b12d371004b4ac7b06ab39a44adc747266928ae6debfa7b3335"]
